// !$*UTF8*$!
{
	archiveVersion = 1;
	classes = {
	};
	objectVersion = 55;
	objects = {

/* Begin PBXBuildFile section */
		9D605A0D26F25662008540B8 /* IssueListPriority.swift in Sources */ = {isa = PBXBuildFile; fileRef = 9D605A0C26F25662008540B8 /* IssueListPriority.swift */; };
		9D605A1126F2A7E0008540B8 /* DetailIssueView.swift in Sources */ = {isa = PBXBuildFile; fileRef = 9D605A1026F2A7E0008540B8 /* DetailIssueView.swift */; };
		9D605A1326F3B459008540B8 /* Project.swift in Sources */ = {isa = PBXBuildFile; fileRef = 9D605A1226F3B459008540B8 /* Project.swift */; };
		9D605A1726F3B63D008540B8 /* ProjectList.swift in Sources */ = {isa = PBXBuildFile; fileRef = 9D605A1626F3B63D008540B8 /* ProjectList.swift */; };
		9D605A1926F3B7F4008540B8 /* ProjectItemList.swift in Sources */ = {isa = PBXBuildFile; fileRef = 9D605A1826F3B7F4008540B8 /* ProjectItemList.swift */; };
		9D90387926F8FA88007893FD /* AddProject.swift in Sources */ = {isa = PBXBuildFile; fileRef = 9D90387826F8FA88007893FD /* AddProject.swift */; };
		9D90387B26F8FAA0007893FD /* ProjectStore.swift in Sources */ = {isa = PBXBuildFile; fileRef = 9D90387A26F8FAA0007893FD /* ProjectStore.swift */; };
		9D90387E26F92449007893FD /* EditProjects.swift in Sources */ = {isa = PBXBuildFile; fileRef = 9D90387D26F92449007893FD /* EditProjects.swift */; };
		9D90388026F934D7007893FD /* ProjectDetailView.swift in Sources */ = {isa = PBXBuildFile; fileRef = 9D90387F26F934D7007893FD /* ProjectDetailView.swift */; };
		9DAD52B426F1908400C1E1C0 /* IssueTrackerApp.swift in Sources */ = {isa = PBXBuildFile; fileRef = 9DAD52B326F1908400C1E1C0 /* IssueTrackerApp.swift */; };
		9DAD52B626F1908400C1E1C0 /* MainView.swift in Sources */ = {isa = PBXBuildFile; fileRef = 9DAD52B526F1908400C1E1C0 /* MainView.swift */; };
		9DAD52B826F1908600C1E1C0 /* Assets.xcassets in Resources */ = {isa = PBXBuildFile; fileRef = 9DAD52B726F1908600C1E1C0 /* Assets.xcassets */; };
		9DAD52BB26F1908600C1E1C0 /* Preview Assets.xcassets in Resources */ = {isa = PBXBuildFile; fileRef = 9DAD52BA26F1908600C1E1C0 /* Preview Assets.xcassets */; };
		9DAD52C226F190F900C1E1C0 /* Issue.swift in Sources */ = {isa = PBXBuildFile; fileRef = 9DAD52C126F190F900C1E1C0 /* Issue.swift */; };
		9DAD52C426F192BB00C1E1C0 /* IssuesList.swift in Sources */ = {isa = PBXBuildFile; fileRef = 9DAD52C326F192BB00C1E1C0 /* IssuesList.swift */; };
		9DAD52C626F193B500C1E1C0 /* IssueListRow.swift in Sources */ = {isa = PBXBuildFile; fileRef = 9DAD52C526F193B500C1E1C0 /* IssueListRow.swift */; };
		9DAD52CA26F23C1400C1E1C0 /* Colors.xcassets in Resources */ = {isa = PBXBuildFile; fileRef = 9DAD52C926F23C1400C1E1C0 /* Colors.xcassets */; };
		9DAD52CC26F23CBA00C1E1C0 /* Extension-Colors.swift in Sources */ = {isa = PBXBuildFile; fileRef = 9DAD52CB26F23CBA00C1E1C0 /* Extension-Colors.swift */; };
		9DD87F9E26F9BAFE00822A4F /* ClosedProjectList.swift in Sources */ = {isa = PBXBuildFile; fileRef = 9DD87F9D26F9BAFE00822A4F /* ClosedProjectList.swift */; };
		9DD87FA026F9C12A00822A4F /* AddIssueView.swift in Sources */ = {isa = PBXBuildFile; fileRef = 9DD87F9F26F9C12A00822A4F /* AddIssueView.swift */; };
/* End PBXBuildFile section */

/* Begin PBXFileReference section */
		9D605A0C26F25662008540B8 /* IssueListPriority.swift */ = {isa = PBXFileReference; lastKnownFileType = sourcecode.swift; path = IssueListPriority.swift; sourceTree = "<group>"; };
		9D605A1026F2A7E0008540B8 /* DetailIssueView.swift */ = {isa = PBXFileReference; lastKnownFileType = sourcecode.swift; path = DetailIssueView.swift; sourceTree = "<group>"; };
		9D605A1226F3B459008540B8 /* Project.swift */ = {isa = PBXFileReference; lastKnownFileType = sourcecode.swift; path = Project.swift; sourceTree = "<group>"; };
		9D605A1626F3B63D008540B8 /* ProjectList.swift */ = {isa = PBXFileReference; lastKnownFileType = sourcecode.swift; path = ProjectList.swift; sourceTree = "<group>"; };
		9D605A1826F3B7F4008540B8 /* ProjectItemList.swift */ = {isa = PBXFileReference; lastKnownFileType = sourcecode.swift; path = ProjectItemList.swift; sourceTree = "<group>"; };
		9D90387826F8FA88007893FD /* AddProject.swift */ = {isa = PBXFileReference; lastKnownFileType = sourcecode.swift; path = AddProject.swift; sourceTree = "<group>"; };
		9D90387A26F8FAA0007893FD /* ProjectStore.swift */ = {isa = PBXFileReference; lastKnownFileType = sourcecode.swift; path = ProjectStore.swift; sourceTree = "<group>"; };
		9D90387D26F92449007893FD /* EditProjects.swift */ = {isa = PBXFileReference; lastKnownFileType = sourcecode.swift; path = EditProjects.swift; sourceTree = "<group>"; };
		9D90387F26F934D7007893FD /* ProjectDetailView.swift */ = {isa = PBXFileReference; lastKnownFileType = sourcecode.swift; path = ProjectDetailView.swift; sourceTree = "<group>"; };
		9DAD52B026F1908400C1E1C0 /* IssueTracker.app */ = {isa = PBXFileReference; explicitFileType = wrapper.application; includeInIndex = 0; path = IssueTracker.app; sourceTree = BUILT_PRODUCTS_DIR; };
		9DAD52B326F1908400C1E1C0 /* IssueTrackerApp.swift */ = {isa = PBXFileReference; lastKnownFileType = sourcecode.swift; path = IssueTrackerApp.swift; sourceTree = "<group>"; };
		9DAD52B526F1908400C1E1C0 /* MainView.swift */ = {isa = PBXFileReference; lastKnownFileType = sourcecode.swift; path = MainView.swift; sourceTree = "<group>"; };
		9DAD52B726F1908600C1E1C0 /* Assets.xcassets */ = {isa = PBXFileReference; lastKnownFileType = folder.assetcatalog; path = Assets.xcassets; sourceTree = "<group>"; };
		9DAD52BA26F1908600C1E1C0 /* Preview Assets.xcassets */ = {isa = PBXFileReference; lastKnownFileType = folder.assetcatalog; path = "Preview Assets.xcassets"; sourceTree = "<group>"; };
		9DAD52C126F190F900C1E1C0 /* Issue.swift */ = {isa = PBXFileReference; lastKnownFileType = sourcecode.swift; path = Issue.swift; sourceTree = "<group>"; };
		9DAD52C326F192BB00C1E1C0 /* IssuesList.swift */ = {isa = PBXFileReference; lastKnownFileType = sourcecode.swift; path = IssuesList.swift; sourceTree = "<group>"; };
		9DAD52C526F193B500C1E1C0 /* IssueListRow.swift */ = {isa = PBXFileReference; lastKnownFileType = sourcecode.swift; path = IssueListRow.swift; sourceTree = "<group>"; };
		9DAD52C926F23C1400C1E1C0 /* Colors.xcassets */ = {isa = PBXFileReference; lastKnownFileType = folder.assetcatalog; path = Colors.xcassets; sourceTree = "<group>"; };
		9DAD52CB26F23CBA00C1E1C0 /* Extension-Colors.swift */ = {isa = PBXFileReference; lastKnownFileType = sourcecode.swift; path = "Extension-Colors.swift"; sourceTree = "<group>"; };
		9DD87F9D26F9BAFE00822A4F /* ClosedProjectList.swift */ = {isa = PBXFileReference; lastKnownFileType = sourcecode.swift; path = ClosedProjectList.swift; sourceTree = "<group>"; };
		9DD87F9F26F9C12A00822A4F /* AddIssueView.swift */ = {isa = PBXFileReference; lastKnownFileType = sourcecode.swift; path = AddIssueView.swift; sourceTree = "<group>"; };
/* End PBXFileReference section */

/* Begin PBXFrameworksBuildPhase section */
		9DAD52AD26F1908400C1E1C0 /* Frameworks */ = {
			isa = PBXFrameworksBuildPhase;
			buildActionMask = 2147483647;
			files = (
			);
			runOnlyForDeploymentPostprocessing = 0;
		};
/* End PBXFrameworksBuildPhase section */

/* Begin PBXGroup section */
		9D605A0E26F28C8E008540B8 /* Views */ = {
			isa = PBXGroup;
			children = (
				9DAD52B526F1908400C1E1C0 /* MainView.swift */,
				9D605A1526F3B619008540B8 /* ProjectViews */,
				9D605A1426F3B60D008540B8 /* IssuesView */,
			);
			path = Views;
			sourceTree = "<group>";
		};
		9D605A0F26F28CA4008540B8 /* Model */ = {
			isa = PBXGroup;
			children = (
				9DAD52C126F190F900C1E1C0 /* Issue.swift */,
				9D605A1226F3B459008540B8 /* Project.swift */,
			);
			path = Model;
			sourceTree = "<group>";
		};
		9D605A1426F3B60D008540B8 /* IssuesView */ = {
			isa = PBXGroup;
			children = (
				9DAD52C326F192BB00C1E1C0 /* IssuesList.swift */,
				9D605A0C26F25662008540B8 /* IssueListPriority.swift */,
				9DAD52C526F193B500C1E1C0 /* IssueListRow.swift */,
				9D605A1026F2A7E0008540B8 /* DetailIssueView.swift */,
				9DD87F9F26F9C12A00822A4F /* AddIssueView.swift */,
			);
			path = IssuesView;
			sourceTree = "<group>";
		};
		9D605A1526F3B619008540B8 /* ProjectViews */ = {
			isa = PBXGroup;
			children = (
				9D605A1626F3B63D008540B8 /* ProjectList.swift */,
				9DD87F9D26F9BAFE00822A4F /* ClosedProjectList.swift */,
				9D605A1826F3B7F4008540B8 /* ProjectItemList.swift */,
				9D90387F26F934D7007893FD /* ProjectDetailView.swift */,
				9D90387826F8FA88007893FD /* AddProject.swift */,
				9D90387D26F92449007893FD /* EditProjects.swift */,
			);
			path = ProjectViews;
			sourceTree = "<group>";
		};
		9D90387C26F8FAA9007893FD /* ViewModel */ = {
			isa = PBXGroup;
			children = (
				9D90387A26F8FAA0007893FD /* ProjectStore.swift */,
			);
			path = ViewModel;
			sourceTree = "<group>";
		};
		9DAD52A726F1908400C1E1C0 = {
			isa = PBXGroup;
			children = (
				9DAD52B226F1908400C1E1C0 /* IssueTracker */,
				9DAD52B126F1908400C1E1C0 /* Products */,
			);
			sourceTree = "<group>";
		};
		9DAD52B126F1908400C1E1C0 /* Products */ = {
			isa = PBXGroup;
			children = (
				9DAD52B026F1908400C1E1C0 /* IssueTracker.app */,
			);
			name = Products;
			sourceTree = "<group>";
		};
		9DAD52B226F1908400C1E1C0 /* IssueTracker */ = {
			isa = PBXGroup;
			children = (
				9DAD52B326F1908400C1E1C0 /* IssueTrackerApp.swift */,
				9D605A0E26F28C8E008540B8 /* Views */,
				9D90387C26F8FAA9007893FD /* ViewModel */,
				9D605A0F26F28CA4008540B8 /* Model */,
				9DAD52B726F1908600C1E1C0 /* Assets.xcassets */,
				9DAD52C926F23C1400C1E1C0 /* Colors.xcassets */,
				9DAD52CB26F23CBA00C1E1C0 /* Extension-Colors.swift */,
				9DAD52B926F1908600C1E1C0 /* Preview Content */,
			);
			path = IssueTracker;
			sourceTree = "<group>";
		};
		9DAD52B926F1908600C1E1C0 /* Preview Content */ = {
			isa = PBXGroup;
			children = (
				9DAD52BA26F1908600C1E1C0 /* Preview Assets.xcassets */,
			);
			path = "Preview Content";
			sourceTree = "<group>";
		};
/* End PBXGroup section */

/* Begin PBXNativeTarget section */
		9DAD52AF26F1908400C1E1C0 /* IssueTracker */ = {
			isa = PBXNativeTarget;
			buildConfigurationList = 9DAD52BE26F1908600C1E1C0 /* Build configuration list for PBXNativeTarget "IssueTracker" */;
			buildPhases = (
				9DAD52AC26F1908400C1E1C0 /* Sources */,
				9DAD52AD26F1908400C1E1C0 /* Frameworks */,
				9DAD52AE26F1908400C1E1C0 /* Resources */,
			);
			buildRules = (
			);
			dependencies = (
			);
			name = IssueTracker;
			productName = IssueTracker;
			productReference = 9DAD52B026F1908400C1E1C0 /* IssueTracker.app */;
			productType = "com.apple.product-type.application";
		};
/* End PBXNativeTarget section */

/* Begin PBXProject section */
		9DAD52A826F1908400C1E1C0 /* Project object */ = {
			isa = PBXProject;
			attributes = {
				BuildIndependentTargetsInParallel = 1;
				LastSwiftUpdateCheck = 1300;
				LastUpgradeCheck = 1300;
				TargetAttributes = {
					9DAD52AF26F1908400C1E1C0 = {
						CreatedOnToolsVersion = 13.0;
					};
				};
			};
			buildConfigurationList = 9DAD52AB26F1908400C1E1C0 /* Build configuration list for PBXProject "IssueTracker" */;
			compatibilityVersion = "Xcode 13.0";
			developmentRegion = en;
			hasScannedForEncodings = 0;
			knownRegions = (
				en,
				Base,
			);
			mainGroup = 9DAD52A726F1908400C1E1C0;
			productRefGroup = 9DAD52B126F1908400C1E1C0 /* Products */;
			projectDirPath = "";
			projectRoot = "";
			targets = (
				9DAD52AF26F1908400C1E1C0 /* IssueTracker */,
			);
		};
/* End PBXProject section */

/* Begin PBXResourcesBuildPhase section */
		9DAD52AE26F1908400C1E1C0 /* Resources */ = {
			isa = PBXResourcesBuildPhase;
			buildActionMask = 2147483647;
			files = (
				9DAD52CA26F23C1400C1E1C0 /* Colors.xcassets in Resources */,
				9DAD52BB26F1908600C1E1C0 /* Preview Assets.xcassets in Resources */,
				9DAD52B826F1908600C1E1C0 /* Assets.xcassets in Resources */,
			);
			runOnlyForDeploymentPostprocessing = 0;
		};
/* End PBXResourcesBuildPhase section */

/* Begin PBXSourcesBuildPhase section */
		9DAD52AC26F1908400C1E1C0 /* Sources */ = {
			isa = PBXSourcesBuildPhase;
			buildActionMask = 2147483647;
			files = (
				9DAD52B626F1908400C1E1C0 /* MainView.swift in Sources */,
				9D90387B26F8FAA0007893FD /* ProjectStore.swift in Sources */,
				9D90388026F934D7007893FD /* ProjectDetailView.swift in Sources */,
				9D90387926F8FA88007893FD /* AddProject.swift in Sources */,
				9D605A0D26F25662008540B8 /* IssueListPriority.swift in Sources */,
				9DD87FA026F9C12A00822A4F /* AddIssueView.swift in Sources */,
				9DAD52B426F1908400C1E1C0 /* IssueTrackerApp.swift in Sources */,
				9DAD52C626F193B500C1E1C0 /* IssueListRow.swift in Sources */,
				9D605A1126F2A7E0008540B8 /* DetailIssueView.swift in Sources */,
				9DAD52CC26F23CBA00C1E1C0 /* Extension-Colors.swift in Sources */,
				9D605A1326F3B459008540B8 /* Project.swift in Sources */,
				9D605A1926F3B7F4008540B8 /* ProjectItemList.swift in Sources */,
				9DAD52C226F190F900C1E1C0 /* Issue.swift in Sources */,
				9D90387E26F92449007893FD /* EditProjects.swift in Sources */,
				9DAD52C426F192BB00C1E1C0 /* IssuesList.swift in Sources */,
				9D605A1726F3B63D008540B8 /* ProjectList.swift in Sources */,
				9DD87F9E26F9BAFE00822A4F /* ClosedProjectList.swift in Sources */,
			);
			runOnlyForDeploymentPostprocessing = 0;
		};
/* End PBXSourcesBuildPhase section */

/* Begin XCBuildConfiguration section */
		9DAD52BC26F1908600C1E1C0 /* Debug */ = {
			isa = XCBuildConfiguration;
			buildSettings = {
				ALWAYS_SEARCH_USER_PATHS = NO;
				CLANG_ANALYZER_NONNULL = YES;
				CLANG_ANALYZER_NUMBER_OBJECT_CONVERSION = YES_AGGRESSIVE;
				CLANG_CXX_LANGUAGE_STANDARD = "gnu++17";
				CLANG_CXX_LIBRARY = "libc++";
				CLANG_ENABLE_MODULES = YES;
				CLANG_ENABLE_OBJC_ARC = YES;
				CLANG_ENABLE_OBJC_WEAK = YES;
				CLANG_WARN_BLOCK_CAPTURE_AUTORELEASING = YES;
				CLANG_WARN_BOOL_CONVERSION = YES;
				CLANG_WARN_COMMA = YES;
				CLANG_WARN_CONSTANT_CONVERSION = YES;
				CLANG_WARN_DEPRECATED_OBJC_IMPLEMENTATIONS = YES;
				CLANG_WARN_DIRECT_OBJC_ISA_USAGE = YES_ERROR;
				CLANG_WARN_DOCUMENTATION_COMMENTS = YES;
				CLANG_WARN_EMPTY_BODY = YES;
				CLANG_WARN_ENUM_CONVERSION = YES;
				CLANG_WARN_INFINITE_RECURSION = YES;
				CLANG_WARN_INT_CONVERSION = YES;
				CLANG_WARN_NON_LITERAL_NULL_CONVERSION = YES;
				CLANG_WARN_OBJC_IMPLICIT_RETAIN_SELF = YES;
				CLANG_WARN_OBJC_LITERAL_CONVERSION = YES;
				CLANG_WARN_OBJC_ROOT_CLASS = YES_ERROR;
				CLANG_WARN_QUOTED_INCLUDE_IN_FRAMEWORK_HEADER = YES;
				CLANG_WARN_RANGE_LOOP_ANALYSIS = YES;
				CLANG_WARN_STRICT_PROTOTYPES = YES;
				CLANG_WARN_SUSPICIOUS_MOVE = YES;
				CLANG_WARN_UNGUARDED_AVAILABILITY = YES_AGGRESSIVE;
				CLANG_WARN_UNREACHABLE_CODE = YES;
				CLANG_WARN__DUPLICATE_METHOD_MATCH = YES;
				COPY_PHASE_STRIP = NO;
				DEBUG_INFORMATION_FORMAT = dwarf;
				ENABLE_STRICT_OBJC_MSGSEND = YES;
				ENABLE_TESTABILITY = YES;
				GCC_C_LANGUAGE_STANDARD = gnu11;
				GCC_DYNAMIC_NO_PIC = NO;
				GCC_NO_COMMON_BLOCKS = YES;
				GCC_OPTIMIZATION_LEVEL = 0;
				GCC_PREPROCESSOR_DEFINITIONS = (
					"DEBUG=1",
					"$(inherited)",
				);
				GCC_WARN_64_TO_32_BIT_CONVERSION = YES;
				GCC_WARN_ABOUT_RETURN_TYPE = YES_ERROR;
				GCC_WARN_UNDECLARED_SELECTOR = YES;
				GCC_WARN_UNINITIALIZED_AUTOS = YES_AGGRESSIVE;
				GCC_WARN_UNUSED_FUNCTION = YES;
				GCC_WARN_UNUSED_VARIABLE = YES;
				IPHONEOS_DEPLOYMENT_TARGET = 15.0;
				MTL_ENABLE_DEBUG_INFO = INCLUDE_SOURCE;
				MTL_FAST_MATH = YES;
				ONLY_ACTIVE_ARCH = YES;
				SDKROOT = iphoneos;
				SWIFT_ACTIVE_COMPILATION_CONDITIONS = DEBUG;
				SWIFT_OPTIMIZATION_LEVEL = "-Onone";
			};
			name = Debug;
		};
		9DAD52BD26F1908600C1E1C0 /* Release */ = {
			isa = XCBuildConfiguration;
			buildSettings = {
				ALWAYS_SEARCH_USER_PATHS = NO;
				CLANG_ANALYZER_NONNULL = YES;
				CLANG_ANALYZER_NUMBER_OBJECT_CONVERSION = YES_AGGRESSIVE;
				CLANG_CXX_LANGUAGE_STANDARD = "gnu++17";
				CLANG_CXX_LIBRARY = "libc++";
				CLANG_ENABLE_MODULES = YES;
				CLANG_ENABLE_OBJC_ARC = YES;
				CLANG_ENABLE_OBJC_WEAK = YES;
				CLANG_WARN_BLOCK_CAPTURE_AUTORELEASING = YES;
				CLANG_WARN_BOOL_CONVERSION = YES;
				CLANG_WARN_COMMA = YES;
				CLANG_WARN_CONSTANT_CONVERSION = YES;
				CLANG_WARN_DEPRECATED_OBJC_IMPLEMENTATIONS = YES;
				CLANG_WARN_DIRECT_OBJC_ISA_USAGE = YES_ERROR;
				CLANG_WARN_DOCUMENTATION_COMMENTS = YES;
				CLANG_WARN_EMPTY_BODY = YES;
				CLANG_WARN_ENUM_CONVERSION = YES;
				CLANG_WARN_INFINITE_RECURSION = YES;
				CLANG_WARN_INT_CONVERSION = YES;
				CLANG_WARN_NON_LITERAL_NULL_CONVERSION = YES;
				CLANG_WARN_OBJC_IMPLICIT_RETAIN_SELF = YES;
				CLANG_WARN_OBJC_LITERAL_CONVERSION = YES;
				CLANG_WARN_OBJC_ROOT_CLASS = YES_ERROR;
				CLANG_WARN_QUOTED_INCLUDE_IN_FRAMEWORK_HEADER = YES;
				CLANG_WARN_RANGE_LOOP_ANALYSIS = YES;
				CLANG_WARN_STRICT_PROTOTYPES = YES;
				CLANG_WARN_SUSPICIOUS_MOVE = YES;
				CLANG_WARN_UNGUARDED_AVAILABILITY = YES_AGGRESSIVE;
				CLANG_WARN_UNREACHABLE_CODE = YES;
				CLANG_WARN__DUPLICATE_METHOD_MATCH = YES;
				COPY_PHASE_STRIP = NO;
				DEBUG_INFORMATION_FORMAT = "dwarf-with-dsym";
				ENABLE_NS_ASSERTIONS = NO;
				ENABLE_STRICT_OBJC_MSGSEND = YES;
				GCC_C_LANGUAGE_STANDARD = gnu11;
				GCC_NO_COMMON_BLOCKS = YES;
				GCC_WARN_64_TO_32_BIT_CONVERSION = YES;
				GCC_WARN_ABOUT_RETURN_TYPE = YES_ERROR;
				GCC_WARN_UNDECLARED_SELECTOR = YES;
				GCC_WARN_UNINITIALIZED_AUTOS = YES_AGGRESSIVE;
				GCC_WARN_UNUSED_FUNCTION = YES;
				GCC_WARN_UNUSED_VARIABLE = YES;
				IPHONEOS_DEPLOYMENT_TARGET = 15.0;
				MTL_ENABLE_DEBUG_INFO = NO;
				MTL_FAST_MATH = YES;
				SDKROOT = iphoneos;
				SWIFT_COMPILATION_MODE = wholemodule;
				SWIFT_OPTIMIZATION_LEVEL = "-O";
				VALIDATE_PRODUCT = YES;
			};
			name = Release;
		};
		9DAD52BF26F1908600C1E1C0 /* Debug */ = {
			isa = XCBuildConfiguration;
			buildSettings = {
				ASSETCATALOG_COMPILER_APPICON_NAME = AppIcon;
				ASSETCATALOG_COMPILER_GLOBAL_ACCENT_COLOR_NAME = AccentColor;
				CODE_SIGN_STYLE = Automatic;
				CURRENT_PROJECT_VERSION = 1;
				DEVELOPMENT_ASSET_PATHS = "\"IssueTracker/Preview Content\"";
				DEVELOPMENT_TEAM = PR37X8G2V5;
				ENABLE_PREVIEWS = YES;
				GENERATE_INFOPLIST_FILE = YES;
				INFOPLIST_KEY_UIApplicationSceneManifest_Generation = YES;
				INFOPLIST_KEY_UIApplicationSupportsIndirectInputEvents = YES;
				INFOPLIST_KEY_UILaunchScreen_Generation = YES;
				INFOPLIST_KEY_UISupportedInterfaceOrientations_iPad = "UIInterfaceOrientationPortrait UIInterfaceOrientationPortraitUpsideDown UIInterfaceOrientationLandscapeLeft UIInterfaceOrientationLandscapeRight";
				INFOPLIST_KEY_UISupportedInterfaceOrientations_iPhone = "UIInterfaceOrientationPortrait UIInterfaceOrientationLandscapeLeft UIInterfaceOrientationLandscapeRight";
				IPHONEOS_DEPLOYMENT_TARGET = 14.0;
				LD_RUNPATH_SEARCH_PATHS = (
					"$(inherited)",
					"@executable_path/Frameworks",
				);
				MARKETING_VERSION = 1.0;
				PRODUCT_BUNDLE_IDENTIFIER = com.djallilelkebir.IssueTracker;
				PRODUCT_NAME = "$(TARGET_NAME)";
				SWIFT_EMIT_LOC_STRINGS = YES;
				SWIFT_VERSION = 5.0;
				TARGETED_DEVICE_FAMILY = "1,2";
			};
			name = Debug;
		};
		9DAD52C026F1908600C1E1C0 /* Release */ = {
			isa = XCBuildConfiguration;
			buildSettings = {
				ASSETCATALOG_COMPILER_APPICON_NAME = AppIcon;
				ASSETCATALOG_COMPILER_GLOBAL_ACCENT_COLOR_NAME = AccentColor;
				CODE_SIGN_STYLE = Automatic;
				CURRENT_PROJECT_VERSION = 1;
				DEVELOPMENT_ASSET_PATHS = "\"IssueTracker/Preview Content\"";
				DEVELOPMENT_TEAM = PR37X8G2V5;
				ENABLE_PREVIEWS = YES;
				GENERATE_INFOPLIST_FILE = YES;
				INFOPLIST_KEY_UIApplicationSceneManifest_Generation = YES;
				INFOPLIST_KEY_UIApplicationSupportsIndirectInputEvents = YES;
				INFOPLIST_KEY_UILaunchScreen_Generation = YES;
				INFOPLIST_KEY_UISupportedInterfaceOrientations_iPad = "UIInterfaceOrientationPortrait UIInterfaceOrientationPortraitUpsideDown UIInterfaceOrientationLandscapeLeft UIInterfaceOrientationLandscapeRight";
				INFOPLIST_KEY_UISupportedInterfaceOrientations_iPhone = "UIInterfaceOrientationPortrait UIInterfaceOrientationLandscapeLeft UIInterfaceOrientationLandscapeRight";
				IPHONEOS_DEPLOYMENT_TARGET = 14.0;
				LD_RUNPATH_SEARCH_PATHS = (
					"$(inherited)",
					"@executable_path/Frameworks",
				);
				MARKETING_VERSION = 1.0;
				PRODUCT_BUNDLE_IDENTIFIER = com.djallilelkebir.IssueTracker;
				PRODUCT_NAME = "$(TARGET_NAME)";
				SWIFT_EMIT_LOC_STRINGS = YES;
				SWIFT_VERSION = 5.0;
				TARGETED_DEVICE_FAMILY = "1,2";
			};
			name = Release;
		};
/* End XCBuildConfiguration section */

/* Begin XCConfigurationList section */
		9DAD52AB26F1908400C1E1C0 /* Build configuration list for PBXProject "IssueTracker" */ = {
			isa = XCConfigurationList;
			buildConfigurations = (
				9DAD52BC26F1908600C1E1C0 /* Debug */,
				9DAD52BD26F1908600C1E1C0 /* Release */,
			);
			defaultConfigurationIsVisible = 0;
			defaultConfigurationName = Release;
		};
		9DAD52BE26F1908600C1E1C0 /* Build configuration list for PBXNativeTarget "IssueTracker" */ = {
			isa = XCConfigurationList;
			buildConfigurations = (
				9DAD52BF26F1908600C1E1C0 /* Debug */,
				9DAD52C026F1908600C1E1C0 /* Release */,
			);
			defaultConfigurationIsVisible = 0;
			defaultConfigurationName = Release;
		};
/* End XCConfigurationList section */
	};
	rootObject = 9DAD52A826F1908400C1E1C0 /* Project object */;
}
